
Microsoft Visual Studio Solution File, Format Version 12.00
# Visual Studio Version 17
VisualStudioVersion = 17.8.34511.84
MinimumVisualStudioVersion = 10.0.40219.1
Project("{FAE04EC0-301F-11D3-BF4B-00C04F79EFBC}") = "CarsShop", "CarsShop\CarsShop.csproj", "{DE0675AE-6139-4771-B1C7-E7D92D11CFFF}"
EndProject
Global
	GlobalSection(SolutionConfigurationPlatforms) = preSolution
		Debug|Any CPU = Debug|Any CPU
		Release|Any CPU = Release|Any CPU
	EndGlobalSection
	GlobalSection(ProjectConfigurationPlatforms) = postSolution
		{DE0675AE-6139-4771-B1C7-E7D92D11CFFF}.Debug|Any CPU.ActiveCfg = Debug|Any CPU
		{DE0675AE-6139-4771-B1C7-E7D92D11CFFF}.Debug|Any CPU.Build.0 = Debug|Any CPU
		{DE0675AE-6139-4771-B1C7-E7D92D11CFFF}.Release|Any CPU.ActiveCfg = Release|Any CPU
		{DE0675AE-6139-4771-B1C7-E7D92D11CFFF}.Release|Any CPU.Build.0 = Release|Any CPU
	EndGlobalSection
	GlobalSection(SolutionProperties) = preSolution
		HideSolutionNode = FALSE
	EndGlobalSection
	GlobalSection(ExtensibilityGlobals) = postSolution
		SolutionGuid = {5707B571-5E94-4956-974F-339EAC45D3CF}
	EndGlobalSection
EndGlobal
